github.com/bddjr/hlfhr v0.2.3 h1:F4s5GKNr0/D8RGbl2E/tZNZPQt/JgmnA8FFyEn22JSA=
github.com/bddjr/hlfhr v0.2.3/go.mod h1:oyIv4Q9JpCgZFdtH3KyTNWp7YYRWl4zl8k4ozrMAB4g=
github.com/eggsampler/acme/v3 v3.6.1 h1:MPGfIpvSSnsS318quL+25m5dDpV0xyd6cZ98TZvHCM0=
github.com/eggsampler/acme/v3 v3.6.1/go.mod h1:/qh0rKC/Dh7Jj+p4So7DbWmFNzC4dpcpK53r226Fhuo=
